
Microsoft Visual Studio Solution File, Format Version 12.00
# Visual Studio Version 17
VisualStudioVersion = 17.3.32929.385
MinimumVisualStudioVersion = 10.0.40219.1
Project("{FAE04EC0-301F-11D3-BF4B-00C04F79EFBC}") = "StartAlgor", "StartAlgor.csproj", "{B955EBB7-F69E-43A3-A476-D9F50351D4DF}"
EndProject
Global
	GlobalSection(SolutionConfigurationPlatforms) = preSolution
		Debug|Any CPU = Debug|Any CPU
		Release|Any CPU = Release|Any CPU
	EndGlobalSection
	GlobalSection(ProjectConfigurationPlatforms) = postSolution
		{B955EBB7-F69E-43A3-A476-D9F50351D4DF}.Debug|Any CPU.ActiveCfg = Debug|Any CPU
		{B955EBB7-F69E-43A3-A476-D9F50351D4DF}.Debug|Any CPU.Build.0 = Debug|Any CPU
		{B955EBB7-F69E-43A3-A476-D9F50351D4DF}.Release|Any CPU.ActiveCfg = Release|Any CPU
		{B955EBB7-F69E-43A3-A476-D9F50351D4DF}.Release|Any CPU.Build.0 = Release|Any CPU
	EndGlobalSection
	GlobalSection(SolutionProperties) = preSolution
		HideSolutionNode = FALSE
	EndGlobalSection
	GlobalSection(ExtensibilityGlobals) = postSolution
		SolutionGuid = {155F0F50-8D02-4570-BF76-A6405F4FCCF1}
	EndGlobalSection
EndGlobal
